// !$*UTF8*$!
{
	archiveVersion = 1;
	classes = {
	};
	objectVersion = 50;
	objects = {

/* Begin PBXBuildFile section */
		319D35EAE9C8690BA621EA44 /* Pods_MountainChallengeTests.framework in Frameworks */ = {isa = PBXBuildFile; fileRef = 93C48C924064302179588520 /* Pods_MountainChallengeTests.framework */; };
		A1EAACFCB8EF6A024086BD3C /* Pods_MountainChallenge.framework in Frameworks */ = {isa = PBXBuildFile; fileRef = FA35A844FCB432C20712CC8E /* Pods_MountainChallenge.framework */; };
		C43569FD21D3FCB900A5CA8F /* AppDelegate.swift in Sources */ = {isa = PBXBuildFile; fileRef = C43569FC21D3FCB900A5CA8F /* AppDelegate.swift */; };
		C43569FF21D3FCB900A5CA8F /* ViewController.swift in Sources */ = {isa = PBXBuildFile; fileRef = C43569FE21D3FCB900A5CA8F /* ViewController.swift */; };
		C4356A0221D3FCB900A5CA8F /* Main.storyboard in Resources */ = {isa = PBXBuildFile; fileRef = C4356A0021D3FCB900A5CA8F /* Main.storyboard */; };
		C4356A0421D3FCBB00A5CA8F /* Assets.xcassets in Resources */ = {isa = PBXBuildFile; fileRef = C4356A0321D3FCBB00A5CA8F /* Assets.xcassets */; };
		C4356A0721D3FCBB00A5CA8F /* LaunchScreen.storyboard in Resources */ = {isa = PBXBuildFile; fileRef = C4356A0521D3FCBB00A5CA8F /* LaunchScreen.storyboard */; };
		C4356A1221D3FCBB00A5CA8F /* MountainChallengeTests.swift in Sources */ = {isa = PBXBuildFile; fileRef = C4356A1121D3FCBB00A5CA8F /* MountainChallengeTests.swift */; };
		C4356A1D21D3FCBB00A5CA8F /* MountainChallengeUITests.swift in Sources */ = {isa = PBXBuildFile; fileRef = C4356A1C21D3FCBB00A5CA8F /* MountainChallengeUITests.swift */; };
		C4A842D721D4525B000C23E4 /* MountainProviderTest.swift in Sources */ = {isa = PBXBuildFile; fileRef = C4A842D621D4525B000C23E4 /* MountainProviderTest.swift */; };
		C4AD289921D4052A001A4455 /* MountainDetailInterface.swift in Sources */ = {isa = PBXBuildFile; fileRef = C4AD289821D4052A001A4455 /* MountainDetailInterface.swift */; };
		C4AD289B21D40794001A4455 /* MountainListInterface.swift in Sources */ = {isa = PBXBuildFile; fileRef = C4AD289A21D40794001A4455 /* MountainListInterface.swift */; };
		C4AD289E21D40862001A4455 /* Mountain.swift in Sources */ = {isa = PBXBuildFile; fileRef = C4AD289D21D40862001A4455 /* Mountain.swift */; };
		C4AD28A121D40B46001A4455 /* MountainProviderProtocol.swift in Sources */ = {isa = PBXBuildFile; fileRef = C4AD28A021D40B46001A4455 /* MountainProviderProtocol.swift */; };
		C4AD28A321D40C69001A4455 /* Error.swift in Sources */ = {isa = PBXBuildFile; fileRef = C4AD28A221D40C69001A4455 /* Error.swift */; };
		C4AD28A621D40E97001A4455 /* mountains.json in Resources */ = {isa = PBXBuildFile; fileRef = C4AD28A521D40E97001A4455 /* mountains.json */; };
		C4AD28A821D41549001A4455 /* MountainProvider.swift in Sources */ = {isa = PBXBuildFile; fileRef = C4AD28A721D41549001A4455 /* MountainProvider.swift */; };
		C4AD28A921D43A1A001A4455 /* mountains.json in Resources */ = {isa = PBXBuildFile; fileRef = C4AD28A521D40E97001A4455 /* mountains.json */; };
		C4AD28AA21D43A1F001A4455 /* mountains.json in Resources */ = {isa = PBXBuildFile; fileRef = C4AD28A521D40E97001A4455 /* mountains.json */; };
		C4AD28AE21D43D47001A4455 /* JsonHelper.swift in Sources */ = {isa = PBXBuildFile; fileRef = C4AD28AD21D43D47001A4455 /* JsonHelper.swift */; };
/* End PBXBuildFile section */

/* Begin PBXContainerItemProxy section */
		C4356A0E21D3FCBB00A5CA8F /* PBXContainerItemProxy */ = {
			isa = PBXContainerItemProxy;
			containerPortal = C43569F121D3FCB900A5CA8F /* Project object */;
			proxyType = 1;
			remoteGlobalIDString = C43569F821D3FCB900A5CA8F;
			remoteInfo = MountainChallenge;
		};
		C4356A1921D3FCBB00A5CA8F /* PBXContainerItemProxy */ = {
			isa = PBXContainerItemProxy;
			containerPortal = C43569F121D3FCB900A5CA8F /* Project object */;
			proxyType = 1;
			remoteGlobalIDString = C43569F821D3FCB900A5CA8F;
			remoteInfo = MountainChallenge;
		};
/* End PBXContainerItemProxy section */

/* Begin PBXFileReference section */
		08F99228084664506537DC37 /* Pods-MountainChallenge.debug.xcconfig */ = {isa = PBXFileReference; includeInIndex = 1; lastKnownFileType = text.xcconfig; name = "Pods-MountainChallenge.debug.xcconfig"; path = "Pods/Target Support Files/Pods-MountainChallenge/Pods-MountainChallenge.debug.xcconfig"; sourceTree = "<group>"; };
		7A4CC970FACE6DD56CE6D07D /* Pods-MountainChallengeTests.release.xcconfig */ = {isa = PBXFileReference; includeInIndex = 1; lastKnownFileType = text.xcconfig; name = "Pods-MountainChallengeTests.release.xcconfig"; path = "Pods/Target Support Files/Pods-MountainChallengeTests/Pods-MountainChallengeTests.release.xcconfig"; sourceTree = "<group>"; };
		81E95982CFAC5C79BBF6F90F /* Pods-MountainChallenge.release.xcconfig */ = {isa = PBXFileReference; includeInIndex = 1; lastKnownFileType = text.xcconfig; name = "Pods-MountainChallenge.release.xcconfig"; path = "Pods/Target Support Files/Pods-MountainChallenge/Pods-MountainChallenge.release.xcconfig"; sourceTree = "<group>"; };
		93C48C924064302179588520 /* Pods_MountainChallengeTests.framework */ = {isa = PBXFileReference; explicitFileType = wrapper.framework; includeInIndex = 0; path = Pods_MountainChallengeTests.framework; sourceTree = BUILT_PRODUCTS_DIR; };
		C43569F921D3FCB900A5CA8F /* MountainChallenge.app */ = {isa = PBXFileReference; explicitFileType = wrapper.application; includeInIndex = 0; path = MountainChallenge.app; sourceTree = BUILT_PRODUCTS_DIR; };
		C43569FC21D3FCB900A5CA8F /* AppDelegate.swift */ = {isa = PBXFileReference; lastKnownFileType = sourcecode.swift; path = AppDelegate.swift; sourceTree = "<group>"; };
		C43569FE21D3FCB900A5CA8F /* ViewController.swift */ = {isa = PBXFileReference; lastKnownFileType = sourcecode.swift; path = ViewController.swift; sourceTree = "<group>"; };
		C4356A0121D3FCB900A5CA8F /* Base */ = {isa = PBXFileReference; lastKnownFileType = file.storyboard; name = Base; path = Base.lproj/Main.storyboard; sourceTree = "<group>"; };
		C4356A0321D3FCBB00A5CA8F /* Assets.xcassets */ = {isa = PBXFileReference; lastKnownFileType = folder.assetcatalog; path = Assets.xcassets; sourceTree = "<group>"; };
		C4356A0621D3FCBB00A5CA8F /* Base */ = {isa = PBXFileReference; lastKnownFileType = file.storyboard; name = Base; path = Base.lproj/LaunchScreen.storyboard; sourceTree = "<group>"; };
		C4356A0821D3FCBB00A5CA8F /* Info.plist */ = {isa = PBXFileReference; lastKnownFileType = text.plist.xml; path = Info.plist; sourceTree = "<group>"; };
		C4356A0D21D3FCBB00A5CA8F /* MountainChallengeTests.xctest */ = {isa = PBXFileReference; explicitFileType = wrapper.cfbundle; includeInIndex = 0; path = MountainChallengeTests.xctest; sourceTree = BUILT_PRODUCTS_DIR; };
		C4356A1121D3FCBB00A5CA8F /* MountainChallengeTests.swift */ = {isa = PBXFileReference; lastKnownFileType = sourcecode.swift; path = MountainChallengeTests.swift; sourceTree = "<group>"; };
		C4356A1321D3FCBB00A5CA8F /* Info.plist */ = {isa = PBXFileReference; lastKnownFileType = text.plist.xml; path = Info.plist; sourceTree = "<group>"; };
		C4356A1821D3FCBB00A5CA8F /* MountainChallengeUITests.xctest */ = {isa = PBXFileReference; explicitFileType = wrapper.cfbundle; includeInIndex = 0; path = MountainChallengeUITests.xctest; sourceTree = BUILT_PRODUCTS_DIR; };
		C4356A1C21D3FCBB00A5CA8F /* MountainChallengeUITests.swift */ = {isa = PBXFileReference; lastKnownFileType = sourcecode.swift; path = MountainChallengeUITests.swift; sourceTree = "<group>"; };
		C4356A1E21D3FCBB00A5CA8F /* Info.plist */ = {isa = PBXFileReference; lastKnownFileType = text.plist.xml; path = Info.plist; sourceTree = "<group>"; };
		C4A842D621D4525B000C23E4 /* MountainProviderTest.swift */ = {isa = PBXFileReference; lastKnownFileType = sourcecode.swift; path = MountainProviderTest.swift; sourceTree = "<group>"; };
		C4AD289821D4052A001A4455 /* MountainDetailInterface.swift */ = {isa = PBXFileReference; lastKnownFileType = sourcecode.swift; path = MountainDetailInterface.swift; sourceTree = "<group>"; };
		C4AD289A21D40794001A4455 /* MountainListInterface.swift */ = {isa = PBXFileReference; lastKnownFileType = sourcecode.swift; path = MountainListInterface.swift; sourceTree = "<group>"; };
		C4AD289D21D40862001A4455 /* Mountain.swift */ = {isa = PBXFileReference; lastKnownFileType = sourcecode.swift; path = Mountain.swift; sourceTree = "<group>"; };
		C4AD28A021D40B46001A4455 /* MountainProviderProtocol.swift */ = {isa = PBXFileReference; lastKnownFileType = sourcecode.swift; path = MountainProviderProtocol.swift; sourceTree = "<group>"; };
		C4AD28A221D40C69001A4455 /* Error.swift */ = {isa = PBXFileReference; lastKnownFileType = sourcecode.swift; path = Error.swift; sourceTree = "<group>"; };
		C4AD28A521D40E97001A4455 /* mountains.json */ = {isa = PBXFileReference; fileEncoding = 4; lastKnownFileType = text.json; path = mountains.json; sourceTree = "<group>"; };
		C4AD28A721D41549001A4455 /* MountainProvider.swift */ = {isa = PBXFileReference; lastKnownFileType = sourcecode.swift; path = MountainProvider.swift; sourceTree = "<group>"; };
		C4AD28AD21D43D47001A4455 /* JsonHelper.swift */ = {isa = PBXFileReference; lastKnownFileType = sourcecode.swift; path = JsonHelper.swift; sourceTree = "<group>"; };
		EC208CEB6AC7C57E4D36655D /* Pods-MountainChallengeTests.debug.xcconfig */ = {isa = PBXFileReference; includeInIndex = 1; lastKnownFileType = text.xcconfig; name = "Pods-MountainChallengeTests.debug.xcconfig"; path = "Pods/Target Support Files/Pods-MountainChallengeTests/Pods-MountainChallengeTests.debug.xcconfig"; sourceTree = "<group>"; };
		FA35A844FCB432C20712CC8E /* Pods_MountainChallenge.framework */ = {isa = PBXFileReference; explicitFileType = wrapper.framework; includeInIndex = 0; path = Pods_MountainChallenge.framework; sourceTree = BUILT_PRODUCTS_DIR; };
/* End PBXFileReference section */

/* Begin PBXFrameworksBuildPhase section */
		C43569F621D3FCB900A5CA8F /* Frameworks */ = {
			isa = PBXFrameworksBuildPhase;
			buildActionMask = 2147483647;
			files = (
				A1EAACFCB8EF6A024086BD3C /* Pods_MountainChallenge.framework in Frameworks */,
			);
			runOnlyForDeploymentPostprocessing = 0;
		};
		C4356A0A21D3FCBB00A5CA8F /* Frameworks */ = {
			isa = PBXFrameworksBuildPhase;
			buildActionMask = 2147483647;
			files = (
				319D35EAE9C8690BA621EA44 /* Pods_MountainChallengeTests.framework in Frameworks */,
			);
			runOnlyForDeploymentPostprocessing = 0;
		};
		C4356A1521D3FCBB00A5CA8F /* Frameworks */ = {
			isa = PBXFrameworksBuildPhase;
			buildActionMask = 2147483647;
			files = (
			);
			runOnlyForDeploymentPostprocessing = 0;
		};
/* End PBXFrameworksBuildPhase section */

/* Begin PBXGroup section */
		AA889B50C8AF75BE44B3FA17 /* Frameworks */ = {
			isa = PBXGroup;
			children = (
				FA35A844FCB432C20712CC8E /* Pods_MountainChallenge.framework */,
				93C48C924064302179588520 /* Pods_MountainChallengeTests.framework */,
			);
			name = Frameworks;
			sourceTree = "<group>";
		};
		C43569F021D3FCB900A5CA8F = {
			isa = PBXGroup;
			children = (
				C43569FB21D3FCB900A5CA8F /* MountainChallenge */,
				C4356A1021D3FCBB00A5CA8F /* MountainChallengeTests */,
				C4356A1B21D3FCBB00A5CA8F /* MountainChallengeUITests */,
				C43569FA21D3FCB900A5CA8F /* Products */,
				ECFB9DFB29C534FCBA87A0BC /* Pods */,
				AA889B50C8AF75BE44B3FA17 /* Frameworks */,
			);
			sourceTree = "<group>";
		};
		C43569FA21D3FCB900A5CA8F /* Products */ = {
			isa = PBXGroup;
			children = (
				C43569F921D3FCB900A5CA8F /* MountainChallenge.app */,
				C4356A0D21D3FCBB00A5CA8F /* MountainChallengeTests.xctest */,
				C4356A1821D3FCBB00A5CA8F /* MountainChallengeUITests.xctest */,
			);
			name = Products;
			sourceTree = "<group>";
		};
		C43569FB21D3FCB900A5CA8F /* MountainChallenge */ = {
			isa = PBXGroup;
			children = (
				C4AD289321D402BA001A4455 /* Domain */,
				C4AD289C21D40816001A4455 /* Model */,
				C4AD289521D4047E001A4455 /* Modules */,
				C4AD289F21D40AF3001A4455 /* Provider */,
				C4AD289221D402AC001A4455 /* Resources */,
				C4AD28B121D442FA001A4455 /* Utils */,
				C43569FC21D3FCB900A5CA8F /* AppDelegate.swift */,
				C43569FE21D3FCB900A5CA8F /* ViewController.swift */,
				C4356A0821D3FCBB00A5CA8F /* Info.plist */,
			);
			path = MountainChallenge;
			sourceTree = "<group>";
		};
		C4356A1021D3FCBB00A5CA8F /* MountainChallengeTests */ = {
			isa = PBXGroup;
			children = (
				C4A842D521D45240000C23E4 /* Provider */,
				C4356A1121D3FCBB00A5CA8F /* MountainChallengeTests.swift */,
				C4356A1321D3FCBB00A5CA8F /* Info.plist */,
			);
			path = MountainChallengeTests;
			sourceTree = "<group>";
		};
		C4356A1B21D3FCBB00A5CA8F /* MountainChallengeUITests */ = {
			isa = PBXGroup;
			children = (
				C4356A1C21D3FCBB00A5CA8F /* MountainChallengeUITests.swift */,
				C4356A1E21D3FCBB00A5CA8F /* Info.plist */,
			);
			path = MountainChallengeUITests;
			sourceTree = "<group>";
		};
		C4A842D521D45240000C23E4 /* Provider */ = {
			isa = PBXGroup;
			children = (
				C4A842D621D4525B000C23E4 /* MountainProviderTest.swift */,
			);
			path = Provider;
			sourceTree = "<group>";
		};
		C4AD289221D402AC001A4455 /* Resources */ = {
			isa = PBXGroup;
			children = (
				C4356A0321D3FCBB00A5CA8F /* Assets.xcassets */,
				C4AD28A421D40E5E001A4455 /* Json */,
				C4AD289421D402D1001A4455 /* Storyboards */,
			);
			path = Resources;
			sourceTree = "<group>";
		};
		C4AD289321D402BA001A4455 /* Domain */ = {
			isa = PBXGroup;
			children = (
			);
			path = Domain;
			sourceTree = "<group>";
		};
		C4AD289421D402D1001A4455 /* Storyboards */ = {
			isa = PBXGroup;
			children = (
				C4356A0021D3FCB900A5CA8F /* Main.storyboard */,
				C4356A0521D3FCBB00A5CA8F /* LaunchScreen.storyboard */,
			);
			path = Storyboards;
			sourceTree = "<group>";
		};
		C4AD289521D4047E001A4455 /* Modules */ = {
			isa = PBXGroup;
			children = (
				C4AD289721D404FA001A4455 /* MountainDetail */,
				C4AD289621D404DA001A4455 /* MountainList */,
			);
			path = Modules;
			sourceTree = "<group>";
		};
		C4AD289621D404DA001A4455 /* MountainList */ = {
			isa = PBXGroup;
			children = (
				C4AD289A21D40794001A4455 /* MountainListInterface.swift */,
			);
			path = MountainList;
			sourceTree = "<group>";
		};
		C4AD289721D404FA001A4455 /* MountainDetail */ = {
			isa = PBXGroup;
			children = (
				C4AD289821D4052A001A4455 /* MountainDetailInterface.swift */,
			);
			path = MountainDetail;
			sourceTree = "<group>";
		};
		C4AD289C21D40816001A4455 /* Model */ = {
			isa = PBXGroup;
			children = (
				C4AD289D21D40862001A4455 /* Mountain.swift */,
				C4AD28A221D40C69001A4455 /* Error.swift */,
			);
			path = Model;
			sourceTree = "<group>";
		};
		C4AD289F21D40AF3001A4455 /* Provider */ = {
			isa = PBXGroup;
			children = (
				C4AD28AB21D43D19001A4455 /* Mountaion */,
			);
			path = Provider;
			sourceTree = "<group>";
		};
		C4AD28A421D40E5E001A4455 /* Json */ = {
			isa = PBXGroup;
			children = (
				C4AD28A521D40E97001A4455 /* mountains.json */,
			);
			path = Json;
			sourceTree = "<group>";
		};
		C4AD28AB21D43D19001A4455 /* Mountaion */ = {
			isa = PBXGroup;
			children = (
				C4AD28A021D40B46001A4455 /* MountainProviderProtocol.swift */,
				C4AD28A721D41549001A4455 /* MountainProvider.swift */,
			);
			path = Mountaion;
			sourceTree = "<group>";
		};
		C4AD28B121D442FA001A4455 /* Utils */ = {
			isa = PBXGroup;
			children = (
				C4AD28AD21D43D47001A4455 /* JsonHelper.swift */,
			);
			path = Utils;
			sourceTree = "<group>";
		};
		ECFB9DFB29C534FCBA87A0BC /* Pods */ = {
			isa = PBXGroup;
			children = (
				08F99228084664506537DC37 /* Pods-MountainChallenge.debug.xcconfig */,
				81E95982CFAC5C79BBF6F90F /* Pods-MountainChallenge.release.xcconfig */,
				EC208CEB6AC7C57E4D36655D /* Pods-MountainChallengeTests.debug.xcconfig */,
				7A4CC970FACE6DD56CE6D07D /* Pods-MountainChallengeTests.release.xcconfig */,
			);
			name = Pods;
			sourceTree = "<group>";
		};
/* End PBXGroup section */

/* Begin PBXNativeTarget section */
		C43569F821D3FCB900A5CA8F /* MountainChallenge */ = {
			isa = PBXNativeTarget;
			buildConfigurationList = C4356A2121D3FCBB00A5CA8F /* Build configuration list for PBXNativeTarget "MountainChallenge" */;
			buildPhases = (
				78AB38FDF308EE44AE911702 /* [CP] Check Pods Manifest.lock */,
				C43569F521D3FCB900A5CA8F /* Sources */,
				C43569F621D3FCB900A5CA8F /* Frameworks */,
				C43569F721D3FCB900A5CA8F /* Resources */,
				009D33676E5157E127F4A323 /* [CP] Embed Pods Frameworks */,
			);
			buildRules = (
			);
			dependencies = (
			);
			name = MountainChallenge;
			productName = MountainChallenge;
			productReference = C43569F921D3FCB900A5CA8F /* MountainChallenge.app */;
			productType = "com.apple.product-type.application";
		};
		C4356A0C21D3FCBB00A5CA8F /* MountainChallengeTests */ = {
			isa = PBXNativeTarget;
			buildConfigurationList = C4356A2421D3FCBB00A5CA8F /* Build configuration list for PBXNativeTarget "MountainChallengeTests" */;
			buildPhases = (
				D88059188646C9E4DAC88815 /* [CP] Check Pods Manifest.lock */,
				C4356A0921D3FCBB00A5CA8F /* Sources */,
				C4356A0A21D3FCBB00A5CA8F /* Frameworks */,
				C4356A0B21D3FCBB00A5CA8F /* Resources */,
				BF077126ECA357065F00A923 /* [CP] Embed Pods Frameworks */,
			);
			buildRules = (
			);
			dependencies = (
				C4356A0F21D3FCBB00A5CA8F /* PBXTargetDependency */,
			);
			name = MountainChallengeTests;
			productName = MountainChallengeTests;
			productReference = C4356A0D21D3FCBB00A5CA8F /* MountainChallengeTests.xctest */;
			productType = "com.apple.product-type.bundle.unit-test";
		};
		C4356A1721D3FCBB00A5CA8F /* MountainChallengeUITests */ = {
			isa = PBXNativeTarget;
			buildConfigurationList = C4356A2721D3FCBB00A5CA8F /* Build configuration list for PBXNativeTarget "MountainChallengeUITests" */;
			buildPhases = (
				C4356A1421D3FCBB00A5CA8F /* Sources */,
				C4356A1521D3FCBB00A5CA8F /* Frameworks */,
				C4356A1621D3FCBB00A5CA8F /* Resources */,
			);
			buildRules = (
			);
			dependencies = (
				C4356A1A21D3FCBB00A5CA8F /* PBXTargetDependency */,
			);
			name = MountainChallengeUITests;
			productName = MountainChallengeUITests;
			productReference = C4356A1821D3FCBB00A5CA8F /* MountainChallengeUITests.xctest */;
			productType = "com.apple.product-type.bundle.ui-testing";
		};
/* End PBXNativeTarget section */

/* Begin PBXProject section */
		C43569F121D3FCB900A5CA8F /* Project object */ = {
			isa = PBXProject;
			attributes = {
				LastSwiftUpdateCheck = 1010;
				LastUpgradeCheck = 1010;
				ORGANIZATIONNAME = "Gustavo Miyamoto";
				TargetAttributes = {
					C43569F821D3FCB900A5CA8F = {
						CreatedOnToolsVersion = 10.1;
					};
					C4356A0C21D3FCBB00A5CA8F = {
						CreatedOnToolsVersion = 10.1;
						TestTargetID = C43569F821D3FCB900A5CA8F;
					};
					C4356A1721D3FCBB00A5CA8F = {
						CreatedOnToolsVersion = 10.1;
						TestTargetID = C43569F821D3FCB900A5CA8F;
					};
				};
			};
			buildConfigurationList = C43569F421D3FCB900A5CA8F /* Build configuration list for PBXProject "MountainChallenge" */;
			compatibilityVersion = "Xcode 9.3";
			developmentRegion = en;
			hasScannedForEncodings = 0;
			knownRegions = (
				en,
				Base,
			);
			mainGroup = C43569F021D3FCB900A5CA8F;
			productRefGroup = C43569FA21D3FCB900A5CA8F /* Products */;
			projectDirPath = "";
			projectRoot = "";
			targets = (
				C43569F821D3FCB900A5CA8F /* MountainChallenge */,
				C4356A0C21D3FCBB00A5CA8F /* MountainChallengeTests */,
				C4356A1721D3FCBB00A5CA8F /* MountainChallengeUITests */,
			);
		};
/* End PBXProject section */

/* Begin PBXResourcesBuildPhase section */
		C43569F721D3FCB900A5CA8F /* Resources */ = {
			isa = PBXResourcesBuildPhase;
			buildActionMask = 2147483647;
			files = (
				C4AD28A621D40E97001A4455 /* mountains.json in Resources */,
				C4356A0721D3FCBB00A5CA8F /* LaunchScreen.storyboard in Resources */,
				C4356A0421D3FCBB00A5CA8F /* Assets.xcassets in Resources */,
				C4356A0221D3FCB900A5CA8F /* Main.storyboard in Resources */,
			);
			runOnlyForDeploymentPostprocessing = 0;
		};
		C4356A0B21D3FCBB00A5CA8F /* Resources */ = {
			isa = PBXResourcesBuildPhase;
			buildActionMask = 2147483647;
			files = (
				C4AD28A921D43A1A001A4455 /* mountains.json in Resources */,
			);
			runOnlyForDeploymentPostprocessing = 0;
		};
		C4356A1621D3FCBB00A5CA8F /* Resources */ = {
			isa = PBXResourcesBuildPhase;
			buildActionMask = 2147483647;
			files = (
				C4AD28AA21D43A1F001A4455 /* mountains.json in Resources */,
			);
			runOnlyForDeploymentPostprocessing = 0;
		};
/* End PBXResourcesBuildPhase section */

/* Begin PBXShellScriptBuildPhase section */
		009D33676E5157E127F4A323 /* [CP] Embed Pods Frameworks */ = {
			isa = PBXShellScriptBuildPhase;
			buildActionMask = 2147483647;
			files = (
			);
			inputFileListPaths = (
			);
			inputPaths = (
				"${SRCROOT}/Pods/Target Support Files/Pods-MountainChallenge/Pods-MountainChallenge-frameworks.sh",
				"${BUILT_PRODUCTS_DIR}/Alamofire/Alamofire.framework",
				"${BUILT_PRODUCTS_DIR}/AlamofireImage/AlamofireImage.framework",
				"${BUILT_PRODUCTS_DIR}/RxAtomic/RxAtomic.framework",
				"${BUILT_PRODUCTS_DIR}/RxCocoa/RxCocoa.framework",
				"${BUILT_PRODUCTS_DIR}/RxSwift/RxSwift.framework",
			);
			name = "[CP] Embed Pods Frameworks";
			outputFileListPaths = (
			);
			outputPaths = (
				"${TARGET_BUILD_DIR}/${FRAMEWORKS_FOLDER_PATH}/Alamofire.framework",
				"${TARGET_BUILD_DIR}/${FRAMEWORKS_FOLDER_PATH}/AlamofireImage.framework",
				"${TARGET_BUILD_DIR}/${FRAMEWORKS_FOLDER_PATH}/RxAtomic.framework",
				"${TARGET_BUILD_DIR}/${FRAMEWORKS_FOLDER_PATH}/RxCocoa.framework",
				"${TARGET_BUILD_DIR}/${FRAMEWORKS_FOLDER_PATH}/RxSwift.framework",
			);
			runOnlyForDeploymentPostprocessing = 0;
			shellPath = /bin/sh;
			shellScript = "\"${SRCROOT}/Pods/Target Support Files/Pods-MountainChallenge/Pods-MountainChallenge-frameworks.sh\"\n";
			showEnvVarsInLog = 0;
		};
		78AB38FDF308EE44AE911702 /* [CP] Check Pods Manifest.lock */ = {
			isa = PBXShellScriptBuildPhase;
			buildActionMask = 2147483647;
			files = (
			);
			inputFileListPaths = (
			);
			inputPaths = (
				"${PODS_PODFILE_DIR_PATH}/Podfile.lock",
				"${PODS_ROOT}/Manifest.lock",
			);
			name = "[CP] Check Pods Manifest.lock";
			outputFileListPaths = (
			);
			outputPaths = (
				"$(DERIVED_FILE_DIR)/Pods-MountainChallenge-checkManifestLockResult.txt",
			);
			runOnlyForDeploymentPostprocessing = 0;
			shellPath = /bin/sh;
			shellScript = "diff \"${PODS_PODFILE_DIR_PATH}/Podfile.lock\" \"${PODS_ROOT}/Manifest.lock\" > /dev/null\nif [ $? != 0 ] ; then\n    # print error to STDERR\n    echo \"error: The sandbox is not in sync with the Podfile.lock. Run 'pod install' or update your CocoaPods installation.\" >&2\n    exit 1\nfi\n# This output is used by Xcode 'outputs' to avoid re-running this script phase.\necho \"SUCCESS\" > \"${SCRIPT_OUTPUT_FILE_0}\"\n";
			showEnvVarsInLog = 0;
		};
		BF077126ECA357065F00A923 /* [CP] Embed Pods Frameworks */ = {
			isa = PBXShellScriptBuildPhase;
			buildActionMask = 2147483647;
			files = (
			);
			inputFileListPaths = (
			);
			inputPaths = (
				"${SRCROOT}/Pods/Target Support Files/Pods-MountainChallengeTests/Pods-MountainChallengeTests-frameworks.sh",
				"${BUILT_PRODUCTS_DIR}/RxAtomic/RxAtomic.framework",
				"${BUILT_PRODUCTS_DIR}/RxSwift/RxSwift.framework",
				"${BUILT_PRODUCTS_DIR}/RxBlocking/RxBlocking.framework",
				"${BUILT_PRODUCTS_DIR}/RxTest/RxTest.framework",
			);
			name = "[CP] Embed Pods Frameworks";
			outputFileListPaths = (
			);
			outputPaths = (
				"${TARGET_BUILD_DIR}/${FRAMEWORKS_FOLDER_PATH}/RxAtomic.framework",
				"${TARGET_BUILD_DIR}/${FRAMEWORKS_FOLDER_PATH}/RxSwift.framework",
				"${TARGET_BUILD_DIR}/${FRAMEWORKS_FOLDER_PATH}/RxBlocking.framework",
				"${TARGET_BUILD_DIR}/${FRAMEWORKS_FOLDER_PATH}/RxTest.framework",
			);
			runOnlyForDeploymentPostprocessing = 0;
			shellPath = /bin/sh;
			shellScript = "\"${SRCROOT}/Pods/Target Support Files/Pods-MountainChallengeTests/Pods-MountainChallengeTests-frameworks.sh\"\n";
			showEnvVarsInLog = 0;
		};
		D88059188646C9E4DAC88815 /* [CP] Check Pods Manifest.lock */ = {
			isa = PBXShellScriptBuildPhase;
			buildActionMask = 2147483647;
			files = (
			);
			inputFileListPaths = (
			);
			inputPaths = (
				"${PODS_PODFILE_DIR_PATH}/Podfile.lock",
				"${PODS_ROOT}/Manifest.lock",
			);
			name = "[CP] Check Pods Manifest.lock";
			outputFileListPaths = (
			);
			outputPaths = (
				"$(DERIVED_FILE_DIR)/Pods-MountainChallengeTests-checkManifestLockResult.txt",
			);
			runOnlyForDeploymentPostprocessing = 0;
			shellPath = /bin/sh;
			shellScript = "diff \"${PODS_PODFILE_DIR_PATH}/Podfile.lock\" \"${PODS_ROOT}/Manifest.lock\" > /dev/null\nif [ $? != 0 ] ; then\n    # print error to STDERR\n    echo \"error: The sandbox is not in sync with the Podfile.lock. Run 'pod install' or update your CocoaPods installation.\" >&2\n    exit 1\nfi\n# This output is used by Xcode 'outputs' to avoid re-running this script phase.\necho \"SUCCESS\" > \"${SCRIPT_OUTPUT_FILE_0}\"\n";
			showEnvVarsInLog = 0;
		};
/* End PBXShellScriptBuildPhase section */

/* Begin PBXSourcesBuildPhase section */
		C43569F521D3FCB900A5CA8F /* Sources */ = {
			isa = PBXSourcesBuildPhase;
			buildActionMask = 2147483647;
			files = (
				C4AD289921D4052A001A4455 /* MountainDetailInterface.swift in Sources */,
				C4AD28A121D40B46001A4455 /* MountainProviderProtocol.swift in Sources */,
				C43569FF21D3FCB900A5CA8F /* ViewController.swift in Sources */,
				C4AD289E21D40862001A4455 /* Mountain.swift in Sources */,
				C4AD289B21D40794001A4455 /* MountainListInterface.swift in Sources */,
				C4AD28A321D40C69001A4455 /* Error.swift in Sources */,
				C43569FD21D3FCB900A5CA8F /* AppDelegate.swift in Sources */,
				C4AD28A821D41549001A4455 /* MountainProvider.swift in Sources */,
				C4AD28AE21D43D47001A4455 /* JsonHelper.swift in Sources */,
			);
			runOnlyForDeploymentPostprocessing = 0;
		};
		C4356A0921D3FCBB00A5CA8F /* Sources */ = {
			isa = PBXSourcesBuildPhase;
			buildActionMask = 2147483647;
			files = (
				C4356A1221D3FCBB00A5CA8F /* MountainChallengeTests.swift in Sources */,
				C4A842D721D4525B000C23E4 /* MountainProviderTest.swift in Sources */,
			);
			runOnlyForDeploymentPostprocessing = 0;
		};
		C4356A1421D3FCBB00A5CA8F /* Sources */ = {
			isa = PBXSourcesBuildPhase;
			buildActionMask = 2147483647;
			files = (
				C4356A1D21D3FCBB00A5CA8F /* MountainChallengeUITests.swift in Sources */,
			);
			runOnlyForDeploymentPostprocessing = 0;
		};
/* End PBXSourcesBuildPhase section */

/* Begin PBXTargetDependency section */
		C4356A0F21D3FCBB00A5CA8F /* PBXTargetDependency */ = {
			isa = PBXTargetDependency;
			target = C43569F821D3FCB900A5CA8F /* MountainChallenge */;
			targetProxy = C4356A0E21D3FCBB00A5CA8F /* PBXContainerItemProxy */;
		};
		C4356A1A21D3FCBB00A5CA8F /* PBXTargetDependency */ = {
			isa = PBXTargetDependency;
			target = C43569F821D3FCB900A5CA8F /* MountainChallenge */;
			targetProxy = C4356A1921D3FCBB00A5CA8F /* PBXContainerItemProxy */;
		};
/* End PBXTargetDependency section */

/* Begin PBXVariantGroup section */
		C4356A0021D3FCB900A5CA8F /* Main.storyboard */ = {
			isa = PBXVariantGroup;
			children = (
				C4356A0121D3FCB900A5CA8F /* Base */,
			);
			name = Main.storyboard;
			sourceTree = "<group>";
		};
		C4356A0521D3FCBB00A5CA8F /* LaunchScreen.storyboard */ = {
			isa = PBXVariantGroup;
			children = (
				C4356A0621D3FCBB00A5CA8F /* Base */,
			);
			name = LaunchScreen.storyboard;
			sourceTree = "<group>";
		};
/* End PBXVariantGroup section */

/* Begin XCBuildConfiguration section */
		C4356A1F21D3FCBB00A5CA8F /* Debug */ = {
			isa = XCBuildConfiguration;
			buildSettings = {
				ALWAYS_SEARCH_USER_PATHS = NO;
				CLANG_ANALYZER_NONNULL = YES;
				CLANG_ANALYZER_NUMBER_OBJECT_CONVERSION = YES_AGGRESSIVE;
				CLANG_CXX_LANGUAGE_STANDARD = "gnu++14";
				CLANG_CXX_LIBRARY = "libc++";
				CLANG_ENABLE_MODULES = YES;
				CLANG_ENABLE_OBJC_ARC = YES;
				CLANG_ENABLE_OBJC_WEAK = YES;
				CLANG_WARN_BLOCK_CAPTURE_AUTORELEASING = YES;
				CLANG_WARN_BOOL_CONVERSION = YES;
				CLANG_WARN_COMMA = YES;
				CLANG_WARN_CONSTANT_CONVERSION = YES;
				CLANG_WARN_DEPRECATED_OBJC_IMPLEMENTATIONS = YES;
				CLANG_WARN_DIRECT_OBJC_ISA_USAGE = YES_ERROR;
				CLANG_WARN_DOCUMENTATION_COMMENTS = YES;
				CLANG_WARN_EMPTY_BODY = YES;
				CLANG_WARN_ENUM_CONVERSION = YES;
				CLANG_WARN_INFINITE_RECURSION = YES;
				CLANG_WARN_INT_CONVERSION = YES;
				CLANG_WARN_NON_LITERAL_NULL_CONVERSION = YES;
				CLANG_WARN_OBJC_IMPLICIT_RETAIN_SELF = YES;
				CLANG_WARN_OBJC_LITERAL_CONVERSION = YES;
				CLANG_WARN_OBJC_ROOT_CLASS = YES_ERROR;
				CLANG_WARN_RANGE_LOOP_ANALYSIS = YES;
				CLANG_WARN_STRICT_PROTOTYPES = YES;
				CLANG_WARN_SUSPICIOUS_MOVE = YES;
				CLANG_WARN_UNGUARDED_AVAILABILITY = YES_AGGRESSIVE;
				CLANG_WARN_UNREACHABLE_CODE = YES;
				CLANG_WARN__DUPLICATE_METHOD_MATCH = YES;
				CODE_SIGN_IDENTITY = "iPhone Developer";
				COPY_PHASE_STRIP = NO;
				DEBUG_INFORMATION_FORMAT = dwarf;
				ENABLE_STRICT_OBJC_MSGSEND = YES;
				ENABLE_TESTABILITY = YES;
				GCC_C_LANGUAGE_STANDARD = gnu11;
				GCC_DYNAMIC_NO_PIC = NO;
				GCC_NO_COMMON_BLOCKS = YES;
				GCC_OPTIMIZATION_LEVEL = 0;
				GCC_PREPROCESSOR_DEFINITIONS = (
					"DEBUG=1",
					"$(inherited)",
				);
				GCC_WARN_64_TO_32_BIT_CONVERSION = YES;
				GCC_WARN_ABOUT_RETURN_TYPE = YES_ERROR;
				GCC_WARN_UNDECLARED_SELECTOR = YES;
				GCC_WARN_UNINITIALIZED_AUTOS = YES_AGGRESSIVE;
				GCC_WARN_UNUSED_FUNCTION = YES;
				GCC_WARN_UNUSED_VARIABLE = YES;
				IPHONEOS_DEPLOYMENT_TARGET = 12.1;
				MTL_ENABLE_DEBUG_INFO = INCLUDE_SOURCE;
				MTL_FAST_MATH = YES;
				ONLY_ACTIVE_ARCH = YES;
				SDKROOT = iphoneos;
				SWIFT_ACTIVE_COMPILATION_CONDITIONS = DEBUG;
				SWIFT_OPTIMIZATION_LEVEL = "-Onone";
			};
			name = Debug;
		};
		C4356A2021D3FCBB00A5CA8F /* Release */ = {
			isa = XCBuildConfiguration;
			buildSettings = {
				ALWAYS_SEARCH_USER_PATHS = NO;
				CLANG_ANALYZER_NONNULL = YES;
				CLANG_ANALYZER_NUMBER_OBJECT_CONVERSION = YES_AGGRESSIVE;
				CLANG_CXX_LANGUAGE_STANDARD = "gnu++14";
				CLANG_CXX_LIBRARY = "libc++";
				CLANG_ENABLE_MODULES = YES;
				CLANG_ENABLE_OBJC_ARC = YES;
				CLANG_ENABLE_OBJC_WEAK = YES;
				CLANG_WARN_BLOCK_CAPTURE_AUTORELEASING = YES;
				CLANG_WARN_BOOL_CONVERSION = YES;
				CLANG_WARN_COMMA = YES;
				CLANG_WARN_CONSTANT_CONVERSION = YES;
				CLANG_WARN_DEPRECATED_OBJC_IMPLEMENTATIONS = YES;
				CLANG_WARN_DIRECT_OBJC_ISA_USAGE = YES_ERROR;
				CLANG_WARN_DOCUMENTATION_COMMENTS = YES;
				CLANG_WARN_EMPTY_BODY = YES;
				CLANG_WARN_ENUM_CONVERSION = YES;
				CLANG_WARN_INFINITE_RECURSION = YES;
				CLANG_WARN_INT_CONVERSION = YES;
				CLANG_WARN_NON_LITERAL_NULL_CONVERSION = YES;
				CLANG_WARN_OBJC_IMPLICIT_RETAIN_SELF = YES;
				CLANG_WARN_OBJC_LITERAL_CONVERSION = YES;
				CLANG_WARN_OBJC_ROOT_CLASS = YES_ERROR;
				CLANG_WARN_RANGE_LOOP_ANALYSIS = YES;
				CLANG_WARN_STRICT_PROTOTYPES = YES;
				CLANG_WARN_SUSPICIOUS_MOVE = YES;
				CLANG_WARN_UNGUARDED_AVAILABILITY = YES_AGGRESSIVE;
				CLANG_WARN_UNREACHABLE_CODE = YES;
				CLANG_WARN__DUPLICATE_METHOD_MATCH = YES;
				CODE_SIGN_IDENTITY = "iPhone Developer";
				COPY_PHASE_STRIP = NO;
				DEBUG_INFORMATION_FORMAT = "dwarf-with-dsym";
				ENABLE_NS_ASSERTIONS = NO;
				ENABLE_STRICT_OBJC_MSGSEND = YES;
				GCC_C_LANGUAGE_STANDARD = gnu11;
				GCC_NO_COMMON_BLOCKS = YES;
				GCC_WARN_64_TO_32_BIT_CONVERSION = YES;
				GCC_WARN_ABOUT_RETURN_TYPE = YES_ERROR;
				GCC_WARN_UNDECLARED_SELECTOR = YES;
				GCC_WARN_UNINITIALIZED_AUTOS = YES_AGGRESSIVE;
				GCC_WARN_UNUSED_FUNCTION = YES;
				GCC_WARN_UNUSED_VARIABLE = YES;
				IPHONEOS_DEPLOYMENT_TARGET = 12.1;
				MTL_ENABLE_DEBUG_INFO = NO;
				MTL_FAST_MATH = YES;
				SDKROOT = iphoneos;
				SWIFT_COMPILATION_MODE = wholemodule;
				SWIFT_OPTIMIZATION_LEVEL = "-O";
				VALIDATE_PRODUCT = YES;
			};
			name = Release;
		};
		C4356A2221D3FCBB00A5CA8F /* Debug */ = {
			isa = XCBuildConfiguration;
			baseConfigurationReference = 08F99228084664506537DC37 /* Pods-MountainChallenge.debug.xcconfig */;
			buildSettings = {
				ASSETCATALOG_COMPILER_APPICON_NAME = AppIcon;
				CODE_SIGN_STYLE = Automatic;
				INFOPLIST_FILE = MountainChallenge/Info.plist;
				IPHONEOS_DEPLOYMENT_TARGET = 11.0;
				LD_RUNPATH_SEARCH_PATHS = (
					"$(inherited)",
					"@executable_path/Frameworks",
				);
				PRODUCT_BUNDLE_IDENTIFIER = com.glmiyamoto.MountainChallenge;
				PRODUCT_NAME = "$(TARGET_NAME)";
				SWIFT_VERSION = 4.2;
				TARGETED_DEVICE_FAMILY = "1,2";
			};
			name = Debug;
		};
		C4356A2321D3FCBB00A5CA8F /* Release */ = {
			isa = XCBuildConfiguration;
			baseConfigurationReference = 81E95982CFAC5C79BBF6F90F /* Pods-MountainChallenge.release.xcconfig */;
			buildSettings = {
				ASSETCATALOG_COMPILER_APPICON_NAME = AppIcon;
				CODE_SIGN_STYLE = Automatic;
				INFOPLIST_FILE = MountainChallenge/Info.plist;
				IPHONEOS_DEPLOYMENT_TARGET = 11.0;
				LD_RUNPATH_SEARCH_PATHS = (
					"$(inherited)",
					"@executable_path/Frameworks",
				);
				PRODUCT_BUNDLE_IDENTIFIER = com.glmiyamoto.MountainChallenge;
				PRODUCT_NAME = "$(TARGET_NAME)";
				SWIFT_VERSION = 4.2;
				TARGETED_DEVICE_FAMILY = "1,2";
			};
			name = Release;
		};
		C4356A2521D3FCBB00A5CA8F /* Debug */ = {
			isa = XCBuildConfiguration;
			baseConfigurationReference = EC208CEB6AC7C57E4D36655D /* Pods-MountainChallengeTests.debug.xcconfig */;
			buildSettings = {
				ALWAYS_EMBED_SWIFT_STANDARD_LIBRARIES = YES;
				BUNDLE_LOADER = "$(TEST_HOST)";
				CODE_SIGN_STYLE = Automatic;
				INFOPLIST_FILE = MountainChallengeTests/Info.plist;
				LD_RUNPATH_SEARCH_PATHS = (
					"$(inherited)",
					"@executable_path/Frameworks",
					"@loader_path/Frameworks",
				);
				PRODUCT_BUNDLE_IDENTIFIER = com.glmiyamoto.MountainChallengeTests;
				PRODUCT_NAME = "$(TARGET_NAME)";
				SWIFT_VERSION = 4.2;
				TARGETED_DEVICE_FAMILY = "1,2";
				TEST_HOST = "$(BUILT_PRODUCTS_DIR)/MountainChallenge.app/MountainChallenge";
			};
			name = Debug;
		};
		C4356A2621D3FCBB00A5CA8F /* Release */ = {
			isa = XCBuildConfiguration;
			baseConfigurationReference = 7A4CC970FACE6DD56CE6D07D /* Pods-MountainChallengeTests.release.xcconfig */;
			buildSettings = {
				ALWAYS_EMBED_SWIFT_STANDARD_LIBRARIES = YES;
				BUNDLE_LOADER = "$(TEST_HOST)";
				CODE_SIGN_STYLE = Automatic;
				INFOPLIST_FILE = MountainChallengeTests/Info.plist;
				LD_RUNPATH_SEARCH_PATHS = (
					"$(inherited)",
					"@executable_path/Frameworks",
					"@loader_path/Frameworks",
				);
				PRODUCT_BUNDLE_IDENTIFIER = com.glmiyamoto.MountainChallengeTests;
				PRODUCT_NAME = "$(TARGET_NAME)";
				SWIFT_VERSION = 4.2;
				TARGETED_DEVICE_FAMILY = "1,2";
				TEST_HOST = "$(BUILT_PRODUCTS_DIR)/MountainChallenge.app/MountainChallenge";
			};
			name = Release;
		};
		C4356A2821D3FCBB00A5CA8F /* Debug */ = {
			isa = XCBuildConfiguration;
			buildSettings = {
				ALWAYS_EMBED_SWIFT_STANDARD_LIBRARIES = YES;
				CODE_SIGN_STYLE = Automatic;
				INFOPLIST_FILE = MountainChallengeUITests/Info.plist;
				LD_RUNPATH_SEARCH_PATHS = (
					"$(inherited)",
					"@executable_path/Frameworks",
					"@loader_path/Frameworks",
				);
				PRODUCT_BUNDLE_IDENTIFIER = com.glmiyamoto.MountainChallengeUITests;
				PRODUCT_NAME = "$(TARGET_NAME)";
				SWIFT_VERSION = 4.2;
				TARGETED_DEVICE_FAMILY = "1,2";
				TEST_TARGET_NAME = MountainChallenge;
			};
			name = Debug;
		};
		C4356A2921D3FCBB00A5CA8F /* Release */ = {
			isa = XCBuildConfiguration;
			buildSettings = {
				ALWAYS_EMBED_SWIFT_STANDARD_LIBRARIES = YES;
				CODE_SIGN_STYLE = Automatic;
				INFOPLIST_FILE = MountainChallengeUITests/Info.plist;
				LD_RUNPATH_SEARCH_PATHS = (
					"$(inherited)",
					"@executable_path/Frameworks",
					"@loader_path/Frameworks",
				);
				PRODUCT_BUNDLE_IDENTIFIER = com.glmiyamoto.MountainChallengeUITests;
				PRODUCT_NAME = "$(TARGET_NAME)";
				SWIFT_VERSION = 4.2;
				TARGETED_DEVICE_FAMILY = "1,2";
				TEST_TARGET_NAME = MountainChallenge;
			};
			name = Release;
		};
/* End XCBuildConfiguration section */

/* Begin XCConfigurationList section */
		C43569F421D3FCB900A5CA8F /* Build configuration list for PBXProject "MountainChallenge" */ = {
			isa = XCConfigurationList;
			buildConfigurations = (
				C4356A1F21D3FCBB00A5CA8F /* Debug */,
				C4356A2021D3FCBB00A5CA8F /* Release */,
			);
			defaultConfigurationIsVisible = 0;
			defaultConfigurationName = Release;
		};
		C4356A2121D3FCBB00A5CA8F /* Build configuration list for PBXNativeTarget "MountainChallenge" */ = {
			isa = XCConfigurationList;
			buildConfigurations = (
				C4356A2221D3FCBB00A5CA8F /* Debug */,
				C4356A2321D3FCBB00A5CA8F /* Release */,
			);
			defaultConfigurationIsVisible = 0;
			defaultConfigurationName = Release;
		};
		C4356A2421D3FCBB00A5CA8F /* Build configuration list for PBXNativeTarget "MountainChallengeTests" */ = {
			isa = XCConfigurationList;
			buildConfigurations = (
				C4356A2521D3FCBB00A5CA8F /* Debug */,
				C4356A2621D3FCBB00A5CA8F /* Release */,
			);
			defaultConfigurationIsVisible = 0;
			defaultConfigurationName = Release;
		};
		C4356A2721D3FCBB00A5CA8F /* Build configuration list for PBXNativeTarget "MountainChallengeUITests" */ = {
			isa = XCConfigurationList;
			buildConfigurations = (
				C4356A2821D3FCBB00A5CA8F /* Debug */,
				C4356A2921D3FCBB00A5CA8F /* Release */,
			);
			defaultConfigurationIsVisible = 0;
			defaultConfigurationName = Release;
		};
/* End XCConfigurationList section */
	};
	rootObject = C43569F121D3FCB900A5CA8F /* Project object */;
}
